
Microsoft Visual Studio Solution File, Format Version 12.00
# Visual Studio 15
VisualStudioVersion = 15.0.26730.10
MinimumVisualStudioVersion = 10.0.40219.1
Project("{2150E333-8FDC-42A3-9474-1A3956D46DE8}") = "Framework", "Framework", "{4698C6F6-8029-4408-BF78-AE7F34F9B309}"
	ProjectSection(SolutionItems) = preProject
		Documents\Bug.md = Documents\Bug.md
		Documents\Event.md = Documents\Event.md
		Documents\GalDesigner.md = Documents\GalDesigner.md
	EndProjectSection
EndProject
Project("{2150E333-8FDC-42A3-9474-1A3956D46DE8}") = "GalEngine", "GalEngine", "{CFFD0A1F-7120-4C40-A35A-DCEE997DD36A}"
	ProjectSection(SolutionItems) = preProject
		Documents\GalEngine.Event.md = Documents\GalEngine.Event.md
		Documents\GalEngine.md = Documents\GalEngine.md
		Documents\GalEngine.Page.md = Documents\GalEngine.Page.md
		Documents\GalEngine.Resource.md = Documents\GalEngine.Resource.md
		Documents\GalEngine.Script.Character.md = Documents\GalEngine.Script.Character.md
		Documents\GalEngine.Script.md = Documents\GalEngine.Script.md
		Documents\GalEngine.Script.State.md = Documents\GalEngine.Script.State.md
		Documents\GalEngine.VisualObject.md = Documents\GalEngine.VisualObject.md
	EndProjectSection
EndProject
Project("{2150E333-8FDC-42A3-9474-1A3956D46DE8}") = "Application", "Application", "{7EC03187-C4E4-49EA-8BAD-72FB44E8E4C7}"
	ProjectSection(SolutionItems) = preProject
		Documents\Application.Event.md = Documents\Application.Event.md
		Documents\Application.md = Documents\Application.md
		Documents\Application.Presenter.md = Documents\Application.Presenter.md
	EndProjectSection
EndProject
Project("{2150E333-8FDC-42A3-9474-1A3956D46DE8}") = "Reference", "Reference", "{99839C46-350B-45F7-BA2A-745C2D275690}"
EndProject
Project("{2150E333-8FDC-42A3-9474-1A3956D46DE8}") = "TestUnit", "TestUnit", "{D1F0759E-2FED-4EFA-9FFE-3C5C9FB8D74E}"
EndProject
Project("{FAE04EC0-301F-11D3-BF4B-00C04F79EFBC}") = "TestApp", "TestApp\TestApp.csproj", "{9ECAF0B0-7ED2-4C51-9A89-059DD0692EF6}"
EndProject
Project("{FAE04EC0-301F-11D3-BF4B-00C04F79EFBC}") = "Builder", "Source\Builder\Builder.csproj", "{630D9395-EE2A-4301-BEF7-BFAFFA2D2D38}"
EndProject
Project("{FAE04EC0-301F-11D3-BF4B-00C04F79EFBC}") = "Presenter", "Source\Presenter\Presenter.csproj", "{856D69C7-4EBF-4DED-8410-9691179CF021}"
EndProject
Project("{FAE04EC0-301F-11D3-BF4B-00C04F79EFBC}") = "GalEngine", "Source\GalEngine\GalEngine.csproj", "{26AFD910-AD7C-4165-8622-CB8103C2CA7D}"
EndProject
Project("{FAE04EC0-301F-11D3-BF4B-00C04F79EFBC}") = "APILibrary", "Source\APILibrary\APILibrary.csproj", "{9F6B254E-6770-4A79-97F3-671D98618AC0}"
EndProject
Global
	GlobalSection(SolutionConfigurationPlatforms) = preSolution
		Debug|Any CPU = Debug|Any CPU
		Release|Any CPU = Release|Any CPU
	EndGlobalSection
	GlobalSection(ProjectConfigurationPlatforms) = postSolution
		{9ECAF0B0-7ED2-4C51-9A89-059DD0692EF6}.Debug|Any CPU.ActiveCfg = Debug|Any CPU
		{9ECAF0B0-7ED2-4C51-9A89-059DD0692EF6}.Debug|Any CPU.Build.0 = Debug|Any CPU
		{9ECAF0B0-7ED2-4C51-9A89-059DD0692EF6}.Release|Any CPU.ActiveCfg = Release|Any CPU
		{9ECAF0B0-7ED2-4C51-9A89-059DD0692EF6}.Release|Any CPU.Build.0 = Release|Any CPU
		{630D9395-EE2A-4301-BEF7-BFAFFA2D2D38}.Debug|Any CPU.ActiveCfg = Debug|Any CPU
		{630D9395-EE2A-4301-BEF7-BFAFFA2D2D38}.Debug|Any CPU.Build.0 = Debug|Any CPU
		{630D9395-EE2A-4301-BEF7-BFAFFA2D2D38}.Release|Any CPU.ActiveCfg = Release|Any CPU
		{630D9395-EE2A-4301-BEF7-BFAFFA2D2D38}.Release|Any CPU.Build.0 = Release|Any CPU
		{856D69C7-4EBF-4DED-8410-9691179CF021}.Debug|Any CPU.ActiveCfg = Debug|Any CPU
		{856D69C7-4EBF-4DED-8410-9691179CF021}.Debug|Any CPU.Build.0 = Debug|Any CPU
		{856D69C7-4EBF-4DED-8410-9691179CF021}.Release|Any CPU.ActiveCfg = Release|Any CPU
		{856D69C7-4EBF-4DED-8410-9691179CF021}.Release|Any CPU.Build.0 = Release|Any CPU
		{26AFD910-AD7C-4165-8622-CB8103C2CA7D}.Debug|Any CPU.ActiveCfg = Debug|Any CPU
		{26AFD910-AD7C-4165-8622-CB8103C2CA7D}.Debug|Any CPU.Build.0 = Debug|Any CPU
		{26AFD910-AD7C-4165-8622-CB8103C2CA7D}.Release|Any CPU.ActiveCfg = Release|Any CPU
		{26AFD910-AD7C-4165-8622-CB8103C2CA7D}.Release|Any CPU.Build.0 = Release|Any CPU
		{9F6B254E-6770-4A79-97F3-671D98618AC0}.Debug|Any CPU.ActiveCfg = Debug|Any CPU
		{9F6B254E-6770-4A79-97F3-671D98618AC0}.Debug|Any CPU.Build.0 = Debug|Any CPU
		{9F6B254E-6770-4A79-97F3-671D98618AC0}.Release|Any CPU.ActiveCfg = Release|Any CPU
		{9F6B254E-6770-4A79-97F3-671D98618AC0}.Release|Any CPU.Build.0 = Release|Any CPU
	EndGlobalSection
	GlobalSection(SolutionProperties) = preSolution
		HideSolutionNode = FALSE
	EndGlobalSection
	GlobalSection(NestedProjects) = preSolution
		{CFFD0A1F-7120-4C40-A35A-DCEE997DD36A} = {4698C6F6-8029-4408-BF78-AE7F34F9B309}
		{7EC03187-C4E4-49EA-8BAD-72FB44E8E4C7} = {4698C6F6-8029-4408-BF78-AE7F34F9B309}
		{9ECAF0B0-7ED2-4C51-9A89-059DD0692EF6} = {D1F0759E-2FED-4EFA-9FFE-3C5C9FB8D74E}
		{630D9395-EE2A-4301-BEF7-BFAFFA2D2D38} = {99839C46-350B-45F7-BA2A-745C2D275690}
		{856D69C7-4EBF-4DED-8410-9691179CF021} = {99839C46-350B-45F7-BA2A-745C2D275690}
		{9F6B254E-6770-4A79-97F3-671D98618AC0} = {99839C46-350B-45F7-BA2A-745C2D275690}
	EndGlobalSection
	GlobalSection(ExtensibilityGlobals) = postSolution
		SolutionGuid = {61ACECAF-B6E4-40A6-BDAD-1619F5C966DD}
	EndGlobalSection
EndGlobal
